
Microsoft Visual Studio Solution File, Format Version 12.00
# Visual Studio Version 17
VisualStudioVersion = 17.9.34622.214
MinimumVisualStudioVersion = 10.0.40219.1
Project("{FAE04EC0-301F-11D3-BF4B-00C04F79EFBC}") = "ECommerce", "ECommerce\ECommerce.csproj", "{367B1F5A-9D27-4530-926F-C9CE41C20A01}"
EndProject
Global
	GlobalSection(SolutionConfigurationPlatforms) = preSolution
		Debug|Any CPU = Debug|Any CPU
		Release|Any CPU = Release|Any CPU
	EndGlobalSection
	GlobalSection(ProjectConfigurationPlatforms) = postSolution
		{367B1F5A-9D27-4530-926F-C9CE41C20A01}.Debug|Any CPU.ActiveCfg = Debug|Any CPU
		{367B1F5A-9D27-4530-926F-C9CE41C20A01}.Debug|Any CPU.Build.0 = Debug|Any CPU
		{367B1F5A-9D27-4530-926F-C9CE41C20A01}.Release|Any CPU.ActiveCfg = Release|Any CPU
		{367B1F5A-9D27-4530-926F-C9CE41C20A01}.Release|Any CPU.Build.0 = Release|Any CPU
	EndGlobalSection
	GlobalSection(SolutionProperties) = preSolution
		HideSolutionNode = FALSE
	EndGlobalSection
	GlobalSection(ExtensibilityGlobals) = postSolution
		SolutionGuid = {B7440179-1759-48C7-9157-DDFB0616CDD1}
	EndGlobalSection
EndGlobal
